
Microsoft Visual Studio Solution File, Format Version 12.00
# Visual Studio 15
VisualStudioVersion = 15.0.28307.757
MinimumVisualStudioVersion = 10.0.40219.1
Project("{9A19103F-16F7-4668-BE54-9A1E7A4F7556}") = "WebDocumentViewerCustomizeParametersPanel", "WebDocumentViewerCustomizeParametersPanel.csproj", "{C4605AE1-75D9-4C5C-858E-2369C1B917A6}"
EndProject
Global
	GlobalSection(SolutionConfigurationPlatforms) = preSolution
		Debug|Any CPU = Debug|Any CPU
		Release|Any CPU = Release|Any CPU
	EndGlobalSection
	GlobalSection(ProjectConfigurationPlatforms) = postSolution
		{C4605AE1-75D9-4C5C-858E-2369C1B917A6}.Debug|Any CPU.ActiveCfg = Debug|Any CPU
		{C4605AE1-75D9-4C5C-858E-2369C1B917A6}.Debug|Any CPU.Build.0 = Debug|Any CPU
		{C4605AE1-75D9-4C5C-858E-2369C1B917A6}.Release|Any CPU.ActiveCfg = Release|Any CPU
		{C4605AE1-75D9-4C5C-858E-2369C1B917A6}.Release|Any CPU.Build.0 = Release|Any CPU
		EndGlobalSection
	GlobalSection(SolutionProperties) = preSolution
		HideSolutionNode = FALSE
	EndGlobalSection
	GlobalSection(ExtensibilityGlobals) = postSolution
		SolutionGuid = {816DE600-18D1-4DEF-A269-3C5A3677C42D}
	EndGlobalSection
EndGlobal
