
Microsoft Visual Studio Solution File, Format Version 12.00
# Visual Studio Version 17
VisualStudioVersion = 17.9.34622.214
MinimumVisualStudioVersion = 10.0.40219.1
Project("{9A19103F-16F7-4668-BE54-9A1E7A4F7556}") = "WebDocumentViewerCustomizeParametersPanel", "WebDocumentViewerCustomizeParametersPanel.csproj", "{7A5CFA19-5BD6-41F1-AD7C-11EF6031BCC1}"
EndProject
Global
	GlobalSection(SolutionConfigurationPlatforms) = preSolution
		Debug|Any CPU = Debug|Any CPU
		Release|Any CPU = Release|Any CPU
	EndGlobalSection
	GlobalSection(ProjectConfigurationPlatforms) = postSolution
		{7A5CFA19-5BD6-41F1-AD7C-11EF6031BCC1}.Debug|Any CPU.ActiveCfg = Debug|Any CPU
		{7A5CFA19-5BD6-41F1-AD7C-11EF6031BCC1}.Debug|Any CPU.Build.0 = Debug|Any CPU
		{7A5CFA19-5BD6-41F1-AD7C-11EF6031BCC1}.Release|Any CPU.ActiveCfg = Release|Any CPU
		{7A5CFA19-5BD6-41F1-AD7C-11EF6031BCC1}.Release|Any CPU.Build.0 = Release|Any CPU
	EndGlobalSection
	GlobalSection(SolutionProperties) = preSolution
		HideSolutionNode = FALSE
	EndGlobalSection
	GlobalSection(ExtensibilityGlobals) = postSolution
		SolutionGuid = {A42ECD67-ED17-4CFA-9A24-5E7CA14D8901}
	EndGlobalSection
EndGlobal
